
Microsoft Visual Studio Solution File, Format Version 12.00
Project("{2150E333-8FDC-42A3-9474-1A3956D46DE8}") = "Src", "Src", "{6095C754-E35D-4459-92A1-FDF5CB7AC268}"
EndProject
Project("{FAE04EC0-301F-11D3-BF4B-00C04F79EFBC}") = "SpeedTrap", "Src\SpeedTrap\SpeedTrap.csproj", "{129DCB77-0A57-4FB1-8D03-389A673CFDAD}"
EndProject
Project("{FAE04EC0-301F-11D3-BF4B-00C04F79EFBC}") = "SpeedTrap.Contracts", "Src\SpeedTrap.Contracts\SpeedTrap.Contracts.csproj", "{D3A03FA9-C7CC-4C35-8B3E-A1DEF4FF0896}"
EndProject
Project("{FAE04EC0-301F-11D3-BF4B-00C04F79EFBC}") = "SpeedTrap.DependencyInjection", "Src\SpeedTrap.DependencyInjection\SpeedTrap.DependencyInjection.csproj", "{CE48D4BE-D6E8-414C-BF2A-B62C9791FDFE}"
EndProject
Project("{FAE04EC0-301F-11D3-BF4B-00C04F79EFBC}") = "SpeedTrap.Reporting", "Src\SpeedTrap.Reporting\SpeedTrap.Reporting.csproj", "{9B67AE02-481A-43FD-81CE-8DE343B5D835}"
EndProject
Project("{2150E333-8FDC-42A3-9474-1A3956D46DE8}") = "Tests", "Tests", "{AF1AD083-3B4B-42A3-9DD3-DEFC90051730}"
EndProject
Project("{FAE04EC0-301F-11D3-BF4B-00C04F79EFBC}") = "SpeedTrap.Tests", "Src\Tests\SpeedTrap.Tests\SpeedTrap.Tests.csproj", "{8A8462CF-29E9-4E84-B369-C1FFEB8BCDC7}"
EndProject
Project("{FAE04EC0-301F-11D3-BF4B-00C04F79EFBC}") = "SpeedTrap.FluentDesign", "Src\SpeedTrap.FluentDesign\SpeedTrap.FluentDesign.csproj", "{952B6CD3-1190-4336-A4C6-68B461E8F017}"
EndProject
Project("{FAE04EC0-301F-11D3-BF4B-00C04F79EFBC}") = "SpeedTrap.FluentDesign.Tests", "Src\Tests\SpeedTrap.FluentDesign.Tests\SpeedTrap.FluentDesign.Tests.csproj", "{E12A0441-154F-4578-A578-C279CDE611D8}"
EndProject
Global
	GlobalSection(SolutionConfigurationPlatforms) = preSolution
		Debug|Any CPU = Debug|Any CPU
		Release|Any CPU = Release|Any CPU
	EndGlobalSection
	GlobalSection(ProjectConfigurationPlatforms) = postSolution
		{129DCB77-0A57-4FB1-8D03-389A673CFDAD}.Debug|Any CPU.ActiveCfg = Debug|Any CPU
		{129DCB77-0A57-4FB1-8D03-389A673CFDAD}.Debug|Any CPU.Build.0 = Debug|Any CPU
		{129DCB77-0A57-4FB1-8D03-389A673CFDAD}.Release|Any CPU.ActiveCfg = Release|Any CPU
		{129DCB77-0A57-4FB1-8D03-389A673CFDAD}.Release|Any CPU.Build.0 = Release|Any CPU
		{D3A03FA9-C7CC-4C35-8B3E-A1DEF4FF0896}.Debug|Any CPU.ActiveCfg = Debug|Any CPU
		{D3A03FA9-C7CC-4C35-8B3E-A1DEF4FF0896}.Debug|Any CPU.Build.0 = Debug|Any CPU
		{D3A03FA9-C7CC-4C35-8B3E-A1DEF4FF0896}.Release|Any CPU.ActiveCfg = Release|Any CPU
		{D3A03FA9-C7CC-4C35-8B3E-A1DEF4FF0896}.Release|Any CPU.Build.0 = Release|Any CPU
		{CE48D4BE-D6E8-414C-BF2A-B62C9791FDFE}.Debug|Any CPU.ActiveCfg = Debug|Any CPU
		{CE48D4BE-D6E8-414C-BF2A-B62C9791FDFE}.Debug|Any CPU.Build.0 = Debug|Any CPU
		{CE48D4BE-D6E8-414C-BF2A-B62C9791FDFE}.Release|Any CPU.ActiveCfg = Release|Any CPU
		{CE48D4BE-D6E8-414C-BF2A-B62C9791FDFE}.Release|Any CPU.Build.0 = Release|Any CPU
		{9B67AE02-481A-43FD-81CE-8DE343B5D835}.Debug|Any CPU.ActiveCfg = Debug|Any CPU
		{9B67AE02-481A-43FD-81CE-8DE343B5D835}.Debug|Any CPU.Build.0 = Debug|Any CPU
		{9B67AE02-481A-43FD-81CE-8DE343B5D835}.Release|Any CPU.ActiveCfg = Release|Any CPU
		{9B67AE02-481A-43FD-81CE-8DE343B5D835}.Release|Any CPU.Build.0 = Release|Any CPU
		{8A8462CF-29E9-4E84-B369-C1FFEB8BCDC7}.Debug|Any CPU.ActiveCfg = Debug|Any CPU
		{8A8462CF-29E9-4E84-B369-C1FFEB8BCDC7}.Debug|Any CPU.Build.0 = Debug|Any CPU
		{8A8462CF-29E9-4E84-B369-C1FFEB8BCDC7}.Release|Any CPU.ActiveCfg = Release|Any CPU
		{8A8462CF-29E9-4E84-B369-C1FFEB8BCDC7}.Release|Any CPU.Build.0 = Release|Any CPU
		{952B6CD3-1190-4336-A4C6-68B461E8F017}.Debug|Any CPU.ActiveCfg = Debug|Any CPU
		{952B6CD3-1190-4336-A4C6-68B461E8F017}.Debug|Any CPU.Build.0 = Debug|Any CPU
		{952B6CD3-1190-4336-A4C6-68B461E8F017}.Release|Any CPU.ActiveCfg = Release|Any CPU
		{952B6CD3-1190-4336-A4C6-68B461E8F017}.Release|Any CPU.Build.0 = Release|Any CPU
		{E12A0441-154F-4578-A578-C279CDE611D8}.Debug|Any CPU.ActiveCfg = Debug|Any CPU
		{E12A0441-154F-4578-A578-C279CDE611D8}.Debug|Any CPU.Build.0 = Debug|Any CPU
		{E12A0441-154F-4578-A578-C279CDE611D8}.Release|Any CPU.ActiveCfg = Release|Any CPU
		{E12A0441-154F-4578-A578-C279CDE611D8}.Release|Any CPU.Build.0 = Release|Any CPU
	EndGlobalSection
	GlobalSection(NestedProjects) = preSolution
		{129DCB77-0A57-4FB1-8D03-389A673CFDAD} = {6095C754-E35D-4459-92A1-FDF5CB7AC268}
		{D3A03FA9-C7CC-4C35-8B3E-A1DEF4FF0896} = {6095C754-E35D-4459-92A1-FDF5CB7AC268}
		{CE48D4BE-D6E8-414C-BF2A-B62C9791FDFE} = {6095C754-E35D-4459-92A1-FDF5CB7AC268}
		{9B67AE02-481A-43FD-81CE-8DE343B5D835} = {6095C754-E35D-4459-92A1-FDF5CB7AC268}
		{AF1AD083-3B4B-42A3-9DD3-DEFC90051730} = {6095C754-E35D-4459-92A1-FDF5CB7AC268}
		{8A8462CF-29E9-4E84-B369-C1FFEB8BCDC7} = {AF1AD083-3B4B-42A3-9DD3-DEFC90051730}
		{952B6CD3-1190-4336-A4C6-68B461E8F017} = {6095C754-E35D-4459-92A1-FDF5CB7AC268}
		{E12A0441-154F-4578-A578-C279CDE611D8} = {AF1AD083-3B4B-42A3-9DD3-DEFC90051730}
	EndGlobalSection
EndGlobal
